
Microsoft Visual Studio Solution File, Format Version 12.00
# Visual Studio Version 16
VisualStudioVersion = 16.0.30517.126
MinimumVisualStudioVersion = 10.0.40219.1
Project("{FAE04EC0-301F-11D3-BF4B-00C04F79EFBC}") = "AlphabeticalIndex", "AlphabeticalIndex\AlphabeticalIndex.csproj", "{0D336286-5D58-450B-9E27-F877AF1313F7}"
EndProject
Global
	GlobalSection(SolutionConfigurationPlatforms) = preSolution
		Debug|Any CPU = Debug|Any CPU
		Release|Any CPU = Release|Any CPU
	EndGlobalSection
	GlobalSection(ProjectConfigurationPlatforms) = postSolution
		{0D336286-5D58-450B-9E27-F877AF1313F7}.Debug|Any CPU.ActiveCfg = Debug|Any CPU
		{0D336286-5D58-450B-9E27-F877AF1313F7}.Debug|Any CPU.Build.0 = Debug|Any CPU
		{0D336286-5D58-450B-9E27-F877AF1313F7}.Release|Any CPU.ActiveCfg = Release|Any CPU
		{0D336286-5D58-450B-9E27-F877AF1313F7}.Release|Any CPU.Build.0 = Release|Any CPU
	EndGlobalSection
	GlobalSection(SolutionProperties) = preSolution
		HideSolutionNode = FALSE
	EndGlobalSection
	GlobalSection(ExtensibilityGlobals) = postSolution
		SolutionGuid = {FFEE1D44-8289-4921-BBB3-BA65DF9BDDC0}
	EndGlobalSection
EndGlobal
