
Microsoft Visual Studio Solution File, Format Version 12.00
# Visual Studio Version 16
VisualStudioVersion = 16.0.30804.86
MinimumVisualStudioVersion = 10.0.40219.1
Project("{FAE04EC0-301F-11D3-BF4B-00C04F79EFBC}") = "Laba5_ApproxCalcOfIntegralsQFHighestDegree", "Laba5_ApproxCalcOfIntegralsQFHighestDegree\Laba5_ApproxCalcOfIntegralsQFHighestDegree.csproj", "{D8807458-EB60-431A-AAD9-D1A16D542E24}"
EndProject
Global
	GlobalSection(SolutionConfigurationPlatforms) = preSolution
		Debug|Any CPU = Debug|Any CPU
		Release|Any CPU = Release|Any CPU
	EndGlobalSection
	GlobalSection(ProjectConfigurationPlatforms) = postSolution
		{D8807458-EB60-431A-AAD9-D1A16D542E24}.Debug|Any CPU.ActiveCfg = Debug|Any CPU
		{D8807458-EB60-431A-AAD9-D1A16D542E24}.Debug|Any CPU.Build.0 = Debug|Any CPU
		{D8807458-EB60-431A-AAD9-D1A16D542E24}.Release|Any CPU.ActiveCfg = Release|Any CPU
		{D8807458-EB60-431A-AAD9-D1A16D542E24}.Release|Any CPU.Build.0 = Release|Any CPU
	EndGlobalSection
	GlobalSection(SolutionProperties) = preSolution
		HideSolutionNode = FALSE
	EndGlobalSection
	GlobalSection(ExtensibilityGlobals) = postSolution
		SolutionGuid = {0D460141-9371-44A4-B756-E564A60DE0B7}
	EndGlobalSection
EndGlobal
