
Microsoft Visual Studio Solution File, Format Version 12.00
# Visual Studio Version 16
VisualStudioVersion = 16.0.31129.286
MinimumVisualStudioVersion = 10.0.40219.1
Project("{FAE04EC0-301F-11D3-BF4B-00C04F79EFBC}") = "Laba1_2Systems_GaussMs_JordanM_LUexpansion", "Laba1_2Systems_GaussMs_JordanM_LUexpansion\Laba1_2Systems_GaussMs_JordanM_LUexpansion.csproj", "{92E124E1-0C2A-407F-B0B8-588AE267D65D}"
EndProject
Global
	GlobalSection(SolutionConfigurationPlatforms) = preSolution
		Debug|Any CPU = Debug|Any CPU
		Release|Any CPU = Release|Any CPU
	EndGlobalSection
	GlobalSection(ProjectConfigurationPlatforms) = postSolution
		{92E124E1-0C2A-407F-B0B8-588AE267D65D}.Debug|Any CPU.ActiveCfg = Debug|Any CPU
		{92E124E1-0C2A-407F-B0B8-588AE267D65D}.Debug|Any CPU.Build.0 = Debug|Any CPU
		{92E124E1-0C2A-407F-B0B8-588AE267D65D}.Release|Any CPU.ActiveCfg = Release|Any CPU
		{92E124E1-0C2A-407F-B0B8-588AE267D65D}.Release|Any CPU.Build.0 = Release|Any CPU
	EndGlobalSection
	GlobalSection(SolutionProperties) = preSolution
		HideSolutionNode = FALSE
	EndGlobalSection
	GlobalSection(ExtensibilityGlobals) = postSolution
		SolutionGuid = {7BCD4FDA-8EA2-407A-9DB2-A7286C5A4C14}
	EndGlobalSection
EndGlobal
