
Microsoft Visual Studio Solution File, Format Version 12.00
# Visual Studio Version 16
VisualStudioVersion = 16.0.30523.141
MinimumVisualStudioVersion = 10.0.40219.1
Project("{FAE04EC0-301F-11D3-BF4B-00C04F79EFBC}") = "Laba3_Newtons_Method", "Laba3_Newtons_Method\Laba3_Newtons_Method.csproj", "{4D37F732-74B7-45E4-BB21-B216F2EC4A66}"
EndProject
Global
	GlobalSection(SolutionConfigurationPlatforms) = preSolution
		Debug|Any CPU = Debug|Any CPU
		Release|Any CPU = Release|Any CPU
	EndGlobalSection
	GlobalSection(ProjectConfigurationPlatforms) = postSolution
		{4D37F732-74B7-45E4-BB21-B216F2EC4A66}.Debug|Any CPU.ActiveCfg = Debug|Any CPU
		{4D37F732-74B7-45E4-BB21-B216F2EC4A66}.Debug|Any CPU.Build.0 = Debug|Any CPU
		{4D37F732-74B7-45E4-BB21-B216F2EC4A66}.Release|Any CPU.ActiveCfg = Release|Any CPU
		{4D37F732-74B7-45E4-BB21-B216F2EC4A66}.Release|Any CPU.Build.0 = Release|Any CPU
	EndGlobalSection
	GlobalSection(SolutionProperties) = preSolution
		HideSolutionNode = FALSE
	EndGlobalSection
	GlobalSection(ExtensibilityGlobals) = postSolution
		SolutionGuid = {4F61B106-1A05-4EA5-8924-E7358E5FF93D}
	EndGlobalSection
EndGlobal
